{
  "name": "mtanzim",
  "lockfileVersion": 2,
  "requires": true,
  "packages": {
    "": {
      "dependencies": {
        "node-fetch": "^2.6.1",
        "nodeplotlib": "^0.7.3"
      }
    },
    "node_modules/@types/d3": {
      "version": "3.5.44",
      "resolved": "https://flipplib.jfrog.io/flipplib/api/npm/flipp-npm/@types/d3/-/d3-3.5.44.tgz",
      "integrity": "sha1-KGNfi7mt8c71u+8rBneBdKnTQ4M=",
      "license": "MIT"
    },
    "node_modules/@types/plotly.js": {
      "version": "1.54.8",
      "resolved": "https://flipplib.jfrog.io/flipplib/api/npm/flipp-npm/@types/plotly.js/-/plotly.js-1.54.8.tgz",
      "integrity": "sha1-WM5nht0W/laYAdvT0SmYVUPJmeU=",
      "license": "MIT",
      "dependencies": {
        "@types/d3": "^3"
      }
    },
    "node_modules/node-fetch": {
      "version": "2.6.1",
      "resolved": "https://flipplib.jfrog.io/flipplib/api/npm/flipp-npm/node-fetch/-/node-fetch-2.6.1.tgz",
      "integrity": "sha1-BFvTI2Mfdu0uK1VXM5RBa2OaAFI=",
      "license": "MIT",
      "engines": {
        "node": "4.x || >=6.0.0"
      }
    },
    "node_modules/nodeplotlib": {
      "version": "0.7.3",
      "resolved": "https://flipplib.jfrog.io/flipplib/api/npm/flipp-npm/nodeplotlib/-/nodeplotlib-0.7.3.tgz",
      "integrity": "sha1-3CeIRuSMEKqbee5f2VTjcBE6yIc=",
      "license": "MIT",
      "dependencies": {
        "@types/plotly.js": "^1.54.7"
      }
    }
  },
  "dependencies": {
    "@types/d3": {
      "version": "3.5.44",
      "resolved": "https://flipplib.jfrog.io/flipplib/api/npm/flipp-npm/@types/d3/-/d3-3.5.44.tgz",
      "integrity": "sha1-KGNfi7mt8c71u+8rBneBdKnTQ4M="
    },
    "@types/plotly.js": {
      "version": "1.54.8",
      "resolved": "https://flipplib.jfrog.io/flipplib/api/npm/flipp-npm/@types/plotly.js/-/plotly.js-1.54.8.tgz",
      "integrity": "sha1-WM5nht0W/laYAdvT0SmYVUPJmeU=",
      "requires": {
        "@types/d3": "^3"
      }
    },
    "node-fetch": {
      "version": "2.6.1",
      "resolved": "https://flipplib.jfrog.io/flipplib/api/npm/flipp-npm/node-fetch/-/node-fetch-2.6.1.tgz",
      "integrity": "sha1-BFvTI2Mfdu0uK1VXM5RBa2OaAFI="
    },
    "nodeplotlib": {
      "version": "0.7.3",
      "resolved": "https://flipplib.jfrog.io/flipplib/api/npm/flipp-npm/nodeplotlib/-/nodeplotlib-0.7.3.tgz",
      "integrity": "sha1-3CeIRuSMEKqbee5f2VTjcBE6yIc=",
      "requires": {
        "@types/plotly.js": "^1.54.7"
      }
    }
  }
}
