{
  "name": "mtanzim",
  "lockfileVersion": 2,
  "requires": true,
  "packages": {
    "": {
      "dependencies": {
        "dotenv": "^8.2.0",
        "node-fetch": "^2.6.1",
        "plotly": "^1.0.6"
      }
    },
    "node_modules/dotenv": {
      "version": "8.2.0",
      "resolved": "https://flipplib.jfrog.io/flipplib/api/npm/flipp-npm/dotenv/-/dotenv-8.2.0.tgz",
      "integrity": "sha1-l+YZJZradQ7qPk6j4mvO6lQksWo=",
      "license": "BSD-2-Clause",
      "engines": {
        "node": ">=8"
      }
    },
    "node_modules/minimist": {
      "version": "1.2.5",
      "resolved": "https://flipplib.jfrog.io/flipplib/api/npm/flipp-npm/minimist/-/minimist-1.2.5.tgz",
      "integrity": "sha1-Z9ZgFLZqaoqqDAg8X9WN9OTpdgI=",
      "license": "MIT"
    },
    "node_modules/mkdirp": {
      "version": "0.5.5",
      "resolved": "https://flipplib.jfrog.io/flipplib/api/npm/flipp-npm/mkdirp/-/mkdirp-0.5.5.tgz",
      "integrity": "sha1-2Rzv1i0UNsoPQWIOJRKI1CAJne8=",
      "license": "MIT",
      "dependencies": {
        "minimist": "^1.2.5"
      },
      "bin": {
        "mkdirp": "bin/cmd.js"
      }
    },
    "node_modules/node-fetch": {
      "version": "2.6.1",
      "resolved": "https://flipplib.jfrog.io/flipplib/api/npm/flipp-npm/node-fetch/-/node-fetch-2.6.1.tgz",
      "integrity": "sha1-BFvTI2Mfdu0uK1VXM5RBa2OaAFI=",
      "license": "MIT",
      "engines": {
        "node": "4.x || >=6.0.0"
      }
    },
    "node_modules/plotly": {
      "version": "1.0.6",
      "resolved": "https://flipplib.jfrog.io/flipplib/api/npm/flipp-npm/plotly/-/plotly-1.0.6.tgz",
      "integrity": "sha1-smcsPfiDM2Jb32hJgtDj9lIdeqo=",
      "license": "MIT",
      "dependencies": {
        "mkdirp": "~0.5.0"
      }
    }
  },
  "dependencies": {
    "dotenv": {
      "version": "8.2.0",
      "resolved": "https://flipplib.jfrog.io/flipplib/api/npm/flipp-npm/dotenv/-/dotenv-8.2.0.tgz",
      "integrity": "sha1-l+YZJZradQ7qPk6j4mvO6lQksWo="
    },
    "minimist": {
      "version": "1.2.5",
      "resolved": "https://flipplib.jfrog.io/flipplib/api/npm/flipp-npm/minimist/-/minimist-1.2.5.tgz",
      "integrity": "sha1-Z9ZgFLZqaoqqDAg8X9WN9OTpdgI="
    },
    "mkdirp": {
      "version": "0.5.5",
      "resolved": "https://flipplib.jfrog.io/flipplib/api/npm/flipp-npm/mkdirp/-/mkdirp-0.5.5.tgz",
      "integrity": "sha1-2Rzv1i0UNsoPQWIOJRKI1CAJne8=",
      "requires": {
        "minimist": "^1.2.5"
      }
    },
    "node-fetch": {
      "version": "2.6.1",
      "resolved": "https://flipplib.jfrog.io/flipplib/api/npm/flipp-npm/node-fetch/-/node-fetch-2.6.1.tgz",
      "integrity": "sha1-BFvTI2Mfdu0uK1VXM5RBa2OaAFI="
    },
    "plotly": {
      "version": "1.0.6",
      "resolved": "https://flipplib.jfrog.io/flipplib/api/npm/flipp-npm/plotly/-/plotly-1.0.6.tgz",
      "integrity": "sha1-smcsPfiDM2Jb32hJgtDj9lIdeqo=",
      "requires": {
        "mkdirp": "~0.5.0"
      }
    }
  }
}
